
Microsoft Visual Studio Solution File, Format Version 12.00
# Visual Studio Version 16
VisualStudioVersion = 16.0.31129.286
MinimumVisualStudioVersion = 10.0.40219.1
Project("{FAE04EC0-301F-11D3-BF4B-00C04F79EFBC}") = "Anon_Method", "Anon_Method\Anon_Method.csproj", "{B77BF074-7E69-492A-A22C-613BDDD713A4}"
EndProject
Project("{FAE04EC0-301F-11D3-BF4B-00C04F79EFBC}") = "Anon_Method1", "Anon_Method1\Anon_Method1.csproj", "{BCBBEE41-D2B4-4C8F-84E4-31451B21CBF1}"
EndProject
Global
	GlobalSection(SolutionConfigurationPlatforms) = preSolution
		Debug|Any CPU = Debug|Any CPU
		Release|Any CPU = Release|Any CPU
	EndGlobalSection
	GlobalSection(ProjectConfigurationPlatforms) = postSolution
		{B77BF074-7E69-492A-A22C-613BDDD713A4}.Debug|Any CPU.ActiveCfg = Debug|Any CPU
		{B77BF074-7E69-492A-A22C-613BDDD713A4}.Debug|Any CPU.Build.0 = Debug|Any CPU
		{B77BF074-7E69-492A-A22C-613BDDD713A4}.Release|Any CPU.ActiveCfg = Release|Any CPU
		{B77BF074-7E69-492A-A22C-613BDDD713A4}.Release|Any CPU.Build.0 = Release|Any CPU
		{BCBBEE41-D2B4-4C8F-84E4-31451B21CBF1}.Debug|Any CPU.ActiveCfg = Debug|Any CPU
		{BCBBEE41-D2B4-4C8F-84E4-31451B21CBF1}.Debug|Any CPU.Build.0 = Debug|Any CPU
		{BCBBEE41-D2B4-4C8F-84E4-31451B21CBF1}.Release|Any CPU.ActiveCfg = Release|Any CPU
		{BCBBEE41-D2B4-4C8F-84E4-31451B21CBF1}.Release|Any CPU.Build.0 = Release|Any CPU
	EndGlobalSection
	GlobalSection(SolutionProperties) = preSolution
		HideSolutionNode = FALSE
	EndGlobalSection
	GlobalSection(ExtensibilityGlobals) = postSolution
		SolutionGuid = {C32FCB30-A236-45B3-B991-7CA4C345215D}
	EndGlobalSection
EndGlobal
